// !$*UTF8*$!
{
	archiveVersion = 1;
	classes = {
	};
	objectVersion = 55;
	objects = {

/* Begin PBXBuildFile section */
		9F5A570C29BB469500DC6132 /* AppDelegate.swift in Sources */ = {isa = PBXBuildFile; fileRef = 9F5A570B29BB469500DC6132 /* AppDelegate.swift */; };
		9F5A570E29BB469500DC6132 /* SceneDelegate.swift in Sources */ = {isa = PBXBuildFile; fileRef = 9F5A570D29BB469500DC6132 /* SceneDelegate.swift */; };
		9F5A571029BB469500DC6132 /* ViewController.swift in Sources */ = {isa = PBXBuildFile; fileRef = 9F5A570F29BB469500DC6132 /* ViewController.swift */; };
		9F5A571329BB469500DC6132 /* Main.storyboard in Resources */ = {isa = PBXBuildFile; fileRef = 9F5A571129BB469500DC6132 /* Main.storyboard */; };
		9F5A571529BB469600DC6132 /* Assets.xcassets in Resources */ = {isa = PBXBuildFile; fileRef = 9F5A571429BB469600DC6132 /* Assets.xcassets */; };
		9F5A571829BB469600DC6132 /* LaunchScreen.storyboard in Resources */ = {isa = PBXBuildFile; fileRef = 9F5A571629BB469600DC6132 /* LaunchScreen.storyboard */; };
		9F5A572329BB469700DC6132 /* manageMoneyStoryboardTests.swift in Sources */ = {isa = PBXBuildFile; fileRef = 9F5A572229BB469700DC6132 /* manageMoneyStoryboardTests.swift */; };
		9F5A572D29BB469700DC6132 /* manageMoneyStoryboardUITests.swift in Sources */ = {isa = PBXBuildFile; fileRef = 9F5A572C29BB469700DC6132 /* manageMoneyStoryboardUITests.swift */; };
		9F5A572F29BB469700DC6132 /* manageMoneyStoryboardUITestsLaunchTests.swift in Sources */ = {isa = PBXBuildFile; fileRef = 9F5A572E29BB469700DC6132 /* manageMoneyStoryboardUITestsLaunchTests.swift */; };
		9F5A573F29BB4B0C00DC6132 /* InputMoneyController.swift in Sources */ = {isa = PBXBuildFile; fileRef = 9F5A573E29BB4B0C00DC6132 /* InputMoneyController.swift */; };
		9F5A574129BB537000DC6132 /* GraphicMoneyController.swift in Sources */ = {isa = PBXBuildFile; fileRef = 9F5A574029BB537000DC6132 /* GraphicMoneyController.swift */; };
/* End PBXBuildFile section */

/* Begin PBXContainerItemProxy section */
		9F5A571F29BB469700DC6132 /* PBXContainerItemProxy */ = {
			isa = PBXContainerItemProxy;
			containerPortal = 9F5A570029BB469500DC6132 /* Project object */;
			proxyType = 1;
			remoteGlobalIDString = 9F5A570729BB469500DC6132;
			remoteInfo = manageMoneyStoryboard;
		};
		9F5A572929BB469700DC6132 /* PBXContainerItemProxy */ = {
			isa = PBXContainerItemProxy;
			containerPortal = 9F5A570029BB469500DC6132 /* Project object */;
			proxyType = 1;
			remoteGlobalIDString = 9F5A570729BB469500DC6132;
			remoteInfo = manageMoneyStoryboard;
		};
/* End PBXContainerItemProxy section */

/* Begin PBXFileReference section */
		9F5A570829BB469500DC6132 /* manageMoneyStoryboard.app */ = {isa = PBXFileReference; explicitFileType = wrapper.application; includeInIndex = 0; path = manageMoneyStoryboard.app; sourceTree = BUILT_PRODUCTS_DIR; };
		9F5A570B29BB469500DC6132 /* AppDelegate.swift */ = {isa = PBXFileReference; lastKnownFileType = sourcecode.swift; path = AppDelegate.swift; sourceTree = "<group>"; };
		9F5A570D29BB469500DC6132 /* SceneDelegate.swift */ = {isa = PBXFileReference; lastKnownFileType = sourcecode.swift; path = SceneDelegate.swift; sourceTree = "<group>"; };
		9F5A570F29BB469500DC6132 /* ViewController.swift */ = {isa = PBXFileReference; lastKnownFileType = sourcecode.swift; path = ViewController.swift; sourceTree = "<group>"; };
		9F5A571229BB469500DC6132 /* Base */ = {isa = PBXFileReference; lastKnownFileType = file.storyboard; name = Base; path = Base.lproj/Main.storyboard; sourceTree = "<group>"; };
		9F5A571429BB469600DC6132 /* Assets.xcassets */ = {isa = PBXFileReference; lastKnownFileType = folder.assetcatalog; path = Assets.xcassets; sourceTree = "<group>"; };
		9F5A571729BB469600DC6132 /* Base */ = {isa = PBXFileReference; lastKnownFileType = file.storyboard; name = Base; path = Base.lproj/LaunchScreen.storyboard; sourceTree = "<group>"; };
		9F5A571929BB469600DC6132 /* Info.plist */ = {isa = PBXFileReference; lastKnownFileType = text.plist.xml; path = Info.plist; sourceTree = "<group>"; };
		9F5A571E29BB469700DC6132 /* manageMoneyStoryboardTests.xctest */ = {isa = PBXFileReference; explicitFileType = wrapper.cfbundle; includeInIndex = 0; path = manageMoneyStoryboardTests.xctest; sourceTree = BUILT_PRODUCTS_DIR; };
		9F5A572229BB469700DC6132 /* manageMoneyStoryboardTests.swift */ = {isa = PBXFileReference; lastKnownFileType = sourcecode.swift; path = manageMoneyStoryboardTests.swift; sourceTree = "<group>"; };
		9F5A572829BB469700DC6132 /* manageMoneyStoryboardUITests.xctest */ = {isa = PBXFileReference; explicitFileType = wrapper.cfbundle; includeInIndex = 0; path = manageMoneyStoryboardUITests.xctest; sourceTree = BUILT_PRODUCTS_DIR; };
		9F5A572C29BB469700DC6132 /* manageMoneyStoryboardUITests.swift */ = {isa = PBXFileReference; lastKnownFileType = sourcecode.swift; path = manageMoneyStoryboardUITests.swift; sourceTree = "<group>"; };
		9F5A572E29BB469700DC6132 /* manageMoneyStoryboardUITestsLaunchTests.swift */ = {isa = PBXFileReference; lastKnownFileType = sourcecode.swift; path = manageMoneyStoryboardUITestsLaunchTests.swift; sourceTree = "<group>"; };
		9F5A573E29BB4B0C00DC6132 /* InputMoneyController.swift */ = {isa = PBXFileReference; lastKnownFileType = sourcecode.swift; path = InputMoneyController.swift; sourceTree = "<group>"; };
		9F5A574029BB537000DC6132 /* GraphicMoneyController.swift */ = {isa = PBXFileReference; lastKnownFileType = sourcecode.swift; path = GraphicMoneyController.swift; sourceTree = "<group>"; };
/* End PBXFileReference section */

/* Begin PBXFrameworksBuildPhase section */
		9F5A570529BB469500DC6132 /* Frameworks */ = {
			isa = PBXFrameworksBuildPhase;
			buildActionMask = 2147483647;
			files = (
			);
			runOnlyForDeploymentPostprocessing = 0;
		};
		9F5A571B29BB469700DC6132 /* Frameworks */ = {
			isa = PBXFrameworksBuildPhase;
			buildActionMask = 2147483647;
			files = (
			);
			runOnlyForDeploymentPostprocessing = 0;
		};
		9F5A572529BB469700DC6132 /* Frameworks */ = {
			isa = PBXFrameworksBuildPhase;
			buildActionMask = 2147483647;
			files = (
			);
			runOnlyForDeploymentPostprocessing = 0;
		};
/* End PBXFrameworksBuildPhase section */

/* Begin PBXGroup section */
		9F5A56FF29BB469500DC6132 = {
			isa = PBXGroup;
			children = (
				9F5A570A29BB469500DC6132 /* manageMoneyStoryboard */,
				9F5A572129BB469700DC6132 /* manageMoneyStoryboardTests */,
				9F5A572B29BB469700DC6132 /* manageMoneyStoryboardUITests */,
				9F5A570929BB469500DC6132 /* Products */,
			);
			sourceTree = "<group>";
		};
		9F5A570929BB469500DC6132 /* Products */ = {
			isa = PBXGroup;
			children = (
				9F5A570829BB469500DC6132 /* manageMoneyStoryboard.app */,
				9F5A571E29BB469700DC6132 /* manageMoneyStoryboardTests.xctest */,
				9F5A572829BB469700DC6132 /* manageMoneyStoryboardUITests.xctest */,
			);
			name = Products;
			sourceTree = "<group>";
		};
		9F5A570A29BB469500DC6132 /* manageMoneyStoryboard */ = {
			isa = PBXGroup;
			children = (
				9F5A573B29BB4A5D00DC6132 /* input_money */,
				9F5A570B29BB469500DC6132 /* AppDelegate.swift */,
				9F5A570D29BB469500DC6132 /* SceneDelegate.swift */,
				9F5A570F29BB469500DC6132 /* ViewController.swift */,
				9F5A571129BB469500DC6132 /* Main.storyboard */,
				9F5A571429BB469600DC6132 /* Assets.xcassets */,
				9F5A571629BB469600DC6132 /* LaunchScreen.storyboard */,
				9F5A571929BB469600DC6132 /* Info.plist */,
			);
			path = manageMoneyStoryboard;
			sourceTree = "<group>";
		};
		9F5A572129BB469700DC6132 /* manageMoneyStoryboardTests */ = {
			isa = PBXGroup;
			children = (
				9F5A572229BB469700DC6132 /* manageMoneyStoryboardTests.swift */,
			);
			path = manageMoneyStoryboardTests;
			sourceTree = "<group>";
		};
		9F5A572B29BB469700DC6132 /* manageMoneyStoryboardUITests */ = {
			isa = PBXGroup;
			children = (
				9F5A572C29BB469700DC6132 /* manageMoneyStoryboardUITests.swift */,
				9F5A572E29BB469700DC6132 /* manageMoneyStoryboardUITestsLaunchTests.swift */,
			);
			path = manageMoneyStoryboardUITests;
			sourceTree = "<group>";
		};
		9F5A573B29BB4A5D00DC6132 /* input_money */ = {
			isa = PBXGroup;
			children = (
				9F5A573E29BB4B0C00DC6132 /* InputMoneyController.swift */,
				9F5A574029BB537000DC6132 /* GraphicMoneyController.swift */,
			);
			path = input_money;
			sourceTree = "<group>";
		};
/* End PBXGroup section */

/* Begin PBXNativeTarget section */
		9F5A570729BB469500DC6132 /* manageMoneyStoryboard */ = {
			isa = PBXNativeTarget;
			buildConfigurationList = 9F5A573229BB469700DC6132 /* Build configuration list for PBXNativeTarget "manageMoneyStoryboard" */;
			buildPhases = (
				9F5A570429BB469500DC6132 /* Sources */,
				9F5A570529BB469500DC6132 /* Frameworks */,
				9F5A570629BB469500DC6132 /* Resources */,
			);
			buildRules = (
			);
			dependencies = (
			);
			name = manageMoneyStoryboard;
			productName = manageMoneyStoryboard;
			productReference = 9F5A570829BB469500DC6132 /* manageMoneyStoryboard.app */;
			productType = "com.apple.product-type.application";
		};
		9F5A571D29BB469700DC6132 /* manageMoneyStoryboardTests */ = {
			isa = PBXNativeTarget;
			buildConfigurationList = 9F5A573529BB469700DC6132 /* Build configuration list for PBXNativeTarget "manageMoneyStoryboardTests" */;
			buildPhases = (
				9F5A571A29BB469700DC6132 /* Sources */,
				9F5A571B29BB469700DC6132 /* Frameworks */,
				9F5A571C29BB469700DC6132 /* Resources */,
			);
			buildRules = (
			);
			dependencies = (
				9F5A572029BB469700DC6132 /* PBXTargetDependency */,
			);
			name = manageMoneyStoryboardTests;
			productName = manageMoneyStoryboardTests;
			productReference = 9F5A571E29BB469700DC6132 /* manageMoneyStoryboardTests.xctest */;
			productType = "com.apple.product-type.bundle.unit-test";
		};
		9F5A572729BB469700DC6132 /* manageMoneyStoryboardUITests */ = {
			isa = PBXNativeTarget;
			buildConfigurationList = 9F5A573829BB469700DC6132 /* Build configuration list for PBXNativeTarget "manageMoneyStoryboardUITests" */;
			buildPhases = (
				9F5A572429BB469700DC6132 /* Sources */,
				9F5A572529BB469700DC6132 /* Frameworks */,
				9F5A572629BB469700DC6132 /* Resources */,
			);
			buildRules = (
			);
			dependencies = (
				9F5A572A29BB469700DC6132 /* PBXTargetDependency */,
			);
			name = manageMoneyStoryboardUITests;
			productName = manageMoneyStoryboardUITests;
			productReference = 9F5A572829BB469700DC6132 /* manageMoneyStoryboardUITests.xctest */;
			productType = "com.apple.product-type.bundle.ui-testing";
		};
/* End PBXNativeTarget section */

/* Begin PBXProject section */
		9F5A570029BB469500DC6132 /* Project object */ = {
			isa = PBXProject;
			attributes = {
				BuildIndependentTargetsInParallel = 1;
				LastSwiftUpdateCheck = 1340;
				LastUpgradeCheck = 1340;
				TargetAttributes = {
					9F5A570729BB469500DC6132 = {
						CreatedOnToolsVersion = 13.4.1;
					};
					9F5A571D29BB469700DC6132 = {
						CreatedOnToolsVersion = 13.4.1;
						TestTargetID = 9F5A570729BB469500DC6132;
					};
					9F5A572729BB469700DC6132 = {
						CreatedOnToolsVersion = 13.4.1;
						TestTargetID = 9F5A570729BB469500DC6132;
					};
				};
			};
			buildConfigurationList = 9F5A570329BB469500DC6132 /* Build configuration list for PBXProject "manageMoneyStoryboard" */;
			compatibilityVersion = "Xcode 13.0";
			developmentRegion = en;
			hasScannedForEncodings = 0;
			knownRegions = (
				en,
				Base,
			);
			mainGroup = 9F5A56FF29BB469500DC6132;
			productRefGroup = 9F5A570929BB469500DC6132 /* Products */;
			projectDirPath = "";
			projectRoot = "";
			targets = (
				9F5A570729BB469500DC6132 /* manageMoneyStoryboard */,
				9F5A571D29BB469700DC6132 /* manageMoneyStoryboardTests */,
				9F5A572729BB469700DC6132 /* manageMoneyStoryboardUITests */,
			);
		};
/* End PBXProject section */

/* Begin PBXResourcesBuildPhase section */
		9F5A570629BB469500DC6132 /* Resources */ = {
			isa = PBXResourcesBuildPhase;
			buildActionMask = 2147483647;
			files = (
				9F5A571829BB469600DC6132 /* LaunchScreen.storyboard in Resources */,
				9F5A571529BB469600DC6132 /* Assets.xcassets in Resources */,
				9F5A571329BB469500DC6132 /* Main.storyboard in Resources */,
			);
			runOnlyForDeploymentPostprocessing = 0;
		};
		9F5A571C29BB469700DC6132 /* Resources */ = {
			isa = PBXResourcesBuildPhase;
			buildActionMask = 2147483647;
			files = (
			);
			runOnlyForDeploymentPostprocessing = 0;
		};
		9F5A572629BB469700DC6132 /* Resources */ = {
			isa = PBXResourcesBuildPhase;
			buildActionMask = 2147483647;
			files = (
			);
			runOnlyForDeploymentPostprocessing = 0;
		};
/* End PBXResourcesBuildPhase section */

/* Begin PBXSourcesBuildPhase section */
		9F5A570429BB469500DC6132 /* Sources */ = {
			isa = PBXSourcesBuildPhase;
			buildActionMask = 2147483647;
			files = (
				9F5A574129BB537000DC6132 /* GraphicMoneyController.swift in Sources */,
				9F5A571029BB469500DC6132 /* ViewController.swift in Sources */,
				9F5A573F29BB4B0C00DC6132 /* InputMoneyController.swift in Sources */,
				9F5A570C29BB469500DC6132 /* AppDelegate.swift in Sources */,
				9F5A570E29BB469500DC6132 /* SceneDelegate.swift in Sources */,
			);
			runOnlyForDeploymentPostprocessing = 0;
		};
		9F5A571A29BB469700DC6132 /* Sources */ = {
			isa = PBXSourcesBuildPhase;
			buildActionMask = 2147483647;
			files = (
				9F5A572329BB469700DC6132 /* manageMoneyStoryboardTests.swift in Sources */,
			);
			runOnlyForDeploymentPostprocessing = 0;
		};
		9F5A572429BB469700DC6132 /* Sources */ = {
			isa = PBXSourcesBuildPhase;
			buildActionMask = 2147483647;
			files = (
				9F5A572D29BB469700DC6132 /* manageMoneyStoryboardUITests.swift in Sources */,
				9F5A572F29BB469700DC6132 /* manageMoneyStoryboardUITestsLaunchTests.swift in Sources */,
			);
			runOnlyForDeploymentPostprocessing = 0;
		};
/* End PBXSourcesBuildPhase section */

/* Begin PBXTargetDependency section */
		9F5A572029BB469700DC6132 /* PBXTargetDependency */ = {
			isa = PBXTargetDependency;
			target = 9F5A570729BB469500DC6132 /* manageMoneyStoryboard */;
			targetProxy = 9F5A571F29BB469700DC6132 /* PBXContainerItemProxy */;
		};
		9F5A572A29BB469700DC6132 /* PBXTargetDependency */ = {
			isa = PBXTargetDependency;
			target = 9F5A570729BB469500DC6132 /* manageMoneyStoryboard */;
			targetProxy = 9F5A572929BB469700DC6132 /* PBXContainerItemProxy */;
		};
/* End PBXTargetDependency section */

/* Begin PBXVariantGroup section */
		9F5A571129BB469500DC6132 /* Main.storyboard */ = {
			isa = PBXVariantGroup;
			children = (
				9F5A571229BB469500DC6132 /* Base */,
			);
			name = Main.storyboard;
			sourceTree = "<group>";
		};
		9F5A571629BB469600DC6132 /* LaunchScreen.storyboard */ = {
			isa = PBXVariantGroup;
			children = (
				9F5A571729BB469600DC6132 /* Base */,
			);
			name = LaunchScreen.storyboard;
			sourceTree = "<group>";
		};
/* End PBXVariantGroup section */

/* Begin XCBuildConfiguration section */
		9F5A573029BB469700DC6132 /* Debug */ = {
			isa = XCBuildConfiguration;
			buildSettings = {
				ALWAYS_SEARCH_USER_PATHS = NO;
				CLANG_ANALYZER_NONNULL = YES;
				CLANG_ANALYZER_NUMBER_OBJECT_CONVERSION = YES_AGGRESSIVE;
				CLANG_CXX_LANGUAGE_STANDARD = "gnu++17";
				CLANG_ENABLE_MODULES = YES;
				CLANG_ENABLE_OBJC_ARC = YES;
				CLANG_ENABLE_OBJC_WEAK = YES;
				CLANG_WARN_BLOCK_CAPTURE_AUTORELEASING = YES;
				CLANG_WARN_BOOL_CONVERSION = YES;
				CLANG_WARN_COMMA = YES;
				CLANG_WARN_CONSTANT_CONVERSION = YES;
				CLANG_WARN_DEPRECATED_OBJC_IMPLEMENTATIONS = YES;
				CLANG_WARN_DIRECT_OBJC_ISA_USAGE = YES_ERROR;
				CLANG_WARN_DOCUMENTATION_COMMENTS = YES;
				CLANG_WARN_EMPTY_BODY = YES;
				CLANG_WARN_ENUM_CONVERSION = YES;
				CLANG_WARN_INFINITE_RECURSION = YES;
				CLANG_WARN_INT_CONVERSION = YES;
				CLANG_WARN_NON_LITERAL_NULL_CONVERSION = YES;
				CLANG_WARN_OBJC_IMPLICIT_RETAIN_SELF = YES;
				CLANG_WARN_OBJC_LITERAL_CONVERSION = YES;
				CLANG_WARN_OBJC_ROOT_CLASS = YES_ERROR;
				CLANG_WARN_QUOTED_INCLUDE_IN_FRAMEWORK_HEADER = YES;
				CLANG_WARN_RANGE_LOOP_ANALYSIS = YES;
				CLANG_WARN_STRICT_PROTOTYPES = YES;
				CLANG_WARN_SUSPICIOUS_MOVE = YES;
				CLANG_WARN_UNGUARDED_AVAILABILITY = YES_AGGRESSIVE;
				CLANG_WARN_UNREACHABLE_CODE = YES;
				CLANG_WARN__DUPLICATE_METHOD_MATCH = YES;
				COPY_PHASE_STRIP = NO;
				DEBUG_INFORMATION_FORMAT = dwarf;
				ENABLE_STRICT_OBJC_MSGSEND = YES;
				ENABLE_TESTABILITY = YES;
				GCC_C_LANGUAGE_STANDARD = gnu11;
				GCC_DYNAMIC_NO_PIC = NO;
				GCC_NO_COMMON_BLOCKS = YES;
				GCC_OPTIMIZATION_LEVEL = 0;
				GCC_PREPROCESSOR_DEFINITIONS = (
					"DEBUG=1",
					"$(inherited)",
				);
				GCC_WARN_64_TO_32_BIT_CONVERSION = YES;
				GCC_WARN_ABOUT_RETURN_TYPE = YES_ERROR;
				GCC_WARN_UNDECLARED_SELECTOR = YES;
				GCC_WARN_UNINITIALIZED_AUTOS = YES_AGGRESSIVE;
				GCC_WARN_UNUSED_FUNCTION = YES;
				GCC_WARN_UNUSED_VARIABLE = YES;
				IPHONEOS_DEPLOYMENT_TARGET = 15.5;
				MTL_ENABLE_DEBUG_INFO = INCLUDE_SOURCE;
				MTL_FAST_MATH = YES;
				ONLY_ACTIVE_ARCH = YES;
				SDKROOT = iphoneos;
				SWIFT_ACTIVE_COMPILATION_CONDITIONS = DEBUG;
				SWIFT_OPTIMIZATION_LEVEL = "-Onone";
			};
			name = Debug;
		};
		9F5A573129BB469700DC6132 /* Release */ = {
			isa = XCBuildConfiguration;
			buildSettings = {
				ALWAYS_SEARCH_USER_PATHS = NO;
				CLANG_ANALYZER_NONNULL = YES;
				CLANG_ANALYZER_NUMBER_OBJECT_CONVERSION = YES_AGGRESSIVE;
				CLANG_CXX_LANGUAGE_STANDARD = "gnu++17";
				CLANG_ENABLE_MODULES = YES;
				CLANG_ENABLE_OBJC_ARC = YES;
				CLANG_ENABLE_OBJC_WEAK = YES;
				CLANG_WARN_BLOCK_CAPTURE_AUTORELEASING = YES;
				CLANG_WARN_BOOL_CONVERSION = YES;
				CLANG_WARN_COMMA = YES;
				CLANG_WARN_CONSTANT_CONVERSION = YES;
				CLANG_WARN_DEPRECATED_OBJC_IMPLEMENTATIONS = YES;
				CLANG_WARN_DIRECT_OBJC_ISA_USAGE = YES_ERROR;
				CLANG_WARN_DOCUMENTATION_COMMENTS = YES;
				CLANG_WARN_EMPTY_BODY = YES;
				CLANG_WARN_ENUM_CONVERSION = YES;
				CLANG_WARN_INFINITE_RECURSION = YES;
				CLANG_WARN_INT_CONVERSION = YES;
				CLANG_WARN_NON_LITERAL_NULL_CONVERSION = YES;
				CLANG_WARN_OBJC_IMPLICIT_RETAIN_SELF = YES;
				CLANG_WARN_OBJC_LITERAL_CONVERSION = YES;
				CLANG_WARN_OBJC_ROOT_CLASS = YES_ERROR;
				CLANG_WARN_QUOTED_INCLUDE_IN_FRAMEWORK_HEADER = YES;
				CLANG_WARN_RANGE_LOOP_ANALYSIS = YES;
				CLANG_WARN_STRICT_PROTOTYPES = YES;
				CLANG_WARN_SUSPICIOUS_MOVE = YES;
				CLANG_WARN_UNGUARDED_AVAILABILITY = YES_AGGRESSIVE;
				CLANG_WARN_UNREACHABLE_CODE = YES;
				CLANG_WARN__DUPLICATE_METHOD_MATCH = YES;
				COPY_PHASE_STRIP = NO;
				DEBUG_INFORMATION_FORMAT = "dwarf-with-dsym";
				ENABLE_NS_ASSERTIONS = NO;
				ENABLE_STRICT_OBJC_MSGSEND = YES;
				GCC_C_LANGUAGE_STANDARD = gnu11;
				GCC_NO_COMMON_BLOCKS = YES;
				GCC_WARN_64_TO_32_BIT_CONVERSION = YES;
				GCC_WARN_ABOUT_RETURN_TYPE = YES_ERROR;
				GCC_WARN_UNDECLARED_SELECTOR = YES;
				GCC_WARN_UNINITIALIZED_AUTOS = YES_AGGRESSIVE;
				GCC_WARN_UNUSED_FUNCTION = YES;
				GCC_WARN_UNUSED_VARIABLE = YES;
				IPHONEOS_DEPLOYMENT_TARGET = 15.5;
				MTL_ENABLE_DEBUG_INFO = NO;
				MTL_FAST_MATH = YES;
				SDKROOT = iphoneos;
				SWIFT_COMPILATION_MODE = wholemodule;
				SWIFT_OPTIMIZATION_LEVEL = "-O";
				VALIDATE_PRODUCT = YES;
			};
			name = Release;
		};
		9F5A573329BB469700DC6132 /* Debug */ = {
			isa = XCBuildConfiguration;
			buildSettings = {
				ASSETCATALOG_COMPILER_APPICON_NAME = AppIcon;
				ASSETCATALOG_COMPILER_GLOBAL_ACCENT_COLOR_NAME = AccentColor;
				CODE_SIGN_STYLE = Automatic;
				CURRENT_PROJECT_VERSION = 1;
				DEVELOPMENT_TEAM = N6ZS427PKR;
				GENERATE_INFOPLIST_FILE = YES;
				INFOPLIST_FILE = manageMoneyStoryboard/Info.plist;
				INFOPLIST_KEY_UIApplicationSupportsIndirectInputEvents = YES;
				INFOPLIST_KEY_UILaunchStoryboardName = LaunchScreen;
				INFOPLIST_KEY_UIMainStoryboardFile = Main;
				INFOPLIST_KEY_UISupportedInterfaceOrientations_iPad = "UIInterfaceOrientationPortrait UIInterfaceOrientationPortraitUpsideDown UIInterfaceOrientationLandscapeLeft UIInterfaceOrientationLandscapeRight";
				INFOPLIST_KEY_UISupportedInterfaceOrientations_iPhone = "UIInterfaceOrientationPortrait UIInterfaceOrientationLandscapeLeft UIInterfaceOrientationLandscapeRight";
				LD_RUNPATH_SEARCH_PATHS = (
					"$(inherited)",
					"@executable_path/Frameworks",
				);
				MARKETING_VERSION = 1.0;
				PRODUCT_BUNDLE_IDENTIFIER = com.psy.manageMoneyStoryboard;
				PRODUCT_NAME = "$(TARGET_NAME)";
				SWIFT_EMIT_LOC_STRINGS = YES;
				SWIFT_VERSION = 5.0;
				TARGETED_DEVICE_FAMILY = "1,2";
			};
			name = Debug;
		};
		9F5A573429BB469700DC6132 /* Release */ = {
			isa = XCBuildConfiguration;
			buildSettings = {
				ASSETCATALOG_COMPILER_APPICON_NAME = AppIcon;
				ASSETCATALOG_COMPILER_GLOBAL_ACCENT_COLOR_NAME = AccentColor;
				CODE_SIGN_STYLE = Automatic;
				CURRENT_PROJECT_VERSION = 1;
				DEVELOPMENT_TEAM = N6ZS427PKR;
				GENERATE_INFOPLIST_FILE = YES;
				INFOPLIST_FILE = manageMoneyStoryboard/Info.plist;
				INFOPLIST_KEY_UIApplicationSupportsIndirectInputEvents = YES;
				INFOPLIST_KEY_UILaunchStoryboardName = LaunchScreen;
				INFOPLIST_KEY_UIMainStoryboardFile = Main;
				INFOPLIST_KEY_UISupportedInterfaceOrientations_iPad = "UIInterfaceOrientationPortrait UIInterfaceOrientationPortraitUpsideDown UIInterfaceOrientationLandscapeLeft UIInterfaceOrientationLandscapeRight";
				INFOPLIST_KEY_UISupportedInterfaceOrientations_iPhone = "UIInterfaceOrientationPortrait UIInterfaceOrientationLandscapeLeft UIInterfaceOrientationLandscapeRight";
				LD_RUNPATH_SEARCH_PATHS = (
					"$(inherited)",
					"@executable_path/Frameworks",
				);
				MARKETING_VERSION = 1.0;
				PRODUCT_BUNDLE_IDENTIFIER = com.psy.manageMoneyStoryboard;
				PRODUCT_NAME = "$(TARGET_NAME)";
				SWIFT_EMIT_LOC_STRINGS = YES;
				SWIFT_VERSION = 5.0;
				TARGETED_DEVICE_FAMILY = "1,2";
			};
			name = Release;
		};
		9F5A573629BB469700DC6132 /* Debug */ = {
			isa = XCBuildConfiguration;
			buildSettings = {
				ALWAYS_EMBED_SWIFT_STANDARD_LIBRARIES = YES;
				BUNDLE_LOADER = "$(TEST_HOST)";
				CODE_SIGN_STYLE = Automatic;
				CURRENT_PROJECT_VERSION = 1;
				DEVELOPMENT_TEAM = N6ZS427PKR;
				GENERATE_INFOPLIST_FILE = YES;
				IPHONEOS_DEPLOYMENT_TARGET = 15.5;
				MARKETING_VERSION = 1.0;
				PRODUCT_BUNDLE_IDENTIFIER = com.psy.manageMoneyStoryboardTests;
				PRODUCT_NAME = "$(TARGET_NAME)";
				SWIFT_EMIT_LOC_STRINGS = NO;
				SWIFT_VERSION = 5.0;
				TARGETED_DEVICE_FAMILY = "1,2";
				TEST_HOST = "$(BUILT_PRODUCTS_DIR)/manageMoneyStoryboard.app/manageMoneyStoryboard";
			};
			name = Debug;
		};
		9F5A573729BB469700DC6132 /* Release */ = {
			isa = XCBuildConfiguration;
			buildSettings = {
				ALWAYS_EMBED_SWIFT_STANDARD_LIBRARIES = YES;
				BUNDLE_LOADER = "$(TEST_HOST)";
				CODE_SIGN_STYLE = Automatic;
				CURRENT_PROJECT_VERSION = 1;
				DEVELOPMENT_TEAM = N6ZS427PKR;
				GENERATE_INFOPLIST_FILE = YES;
				IPHONEOS_DEPLOYMENT_TARGET = 15.5;
				MARKETING_VERSION = 1.0;
				PRODUCT_BUNDLE_IDENTIFIER = com.psy.manageMoneyStoryboardTests;
				PRODUCT_NAME = "$(TARGET_NAME)";
				SWIFT_EMIT_LOC_STRINGS = NO;
				SWIFT_VERSION = 5.0;
				TARGETED_DEVICE_FAMILY = "1,2";
				TEST_HOST = "$(BUILT_PRODUCTS_DIR)/manageMoneyStoryboard.app/manageMoneyStoryboard";
			};
			name = Release;
		};
		9F5A573929BB469700DC6132 /* Debug */ = {
			isa = XCBuildConfiguration;
			buildSettings = {
				ALWAYS_EMBED_SWIFT_STANDARD_LIBRARIES = YES;
				CODE_SIGN_STYLE = Automatic;
				CURRENT_PROJECT_VERSION = 1;
				DEVELOPMENT_TEAM = N6ZS427PKR;
				GENERATE_INFOPLIST_FILE = YES;
				MARKETING_VERSION = 1.0;
				PRODUCT_BUNDLE_IDENTIFIER = com.psy.manageMoneyStoryboardUITests;
				PRODUCT_NAME = "$(TARGET_NAME)";
				SWIFT_EMIT_LOC_STRINGS = NO;
				SWIFT_VERSION = 5.0;
				TARGETED_DEVICE_FAMILY = "1,2";
				TEST_TARGET_NAME = manageMoneyStoryboard;
			};
			name = Debug;
		};
		9F5A573A29BB469700DC6132 /* Release */ = {
			isa = XCBuildConfiguration;
			buildSettings = {
				ALWAYS_EMBED_SWIFT_STANDARD_LIBRARIES = YES;
				CODE_SIGN_STYLE = Automatic;
				CURRENT_PROJECT_VERSION = 1;
				DEVELOPMENT_TEAM = N6ZS427PKR;
				GENERATE_INFOPLIST_FILE = YES;
				MARKETING_VERSION = 1.0;
				PRODUCT_BUNDLE_IDENTIFIER = com.psy.manageMoneyStoryboardUITests;
				PRODUCT_NAME = "$(TARGET_NAME)";
				SWIFT_EMIT_LOC_STRINGS = NO;
				SWIFT_VERSION = 5.0;
				TARGETED_DEVICE_FAMILY = "1,2";
				TEST_TARGET_NAME = manageMoneyStoryboard;
			};
			name = Release;
		};
/* End XCBuildConfiguration section */

/* Begin XCConfigurationList section */
		9F5A570329BB469500DC6132 /* Build configuration list for PBXProject "manageMoneyStoryboard" */ = {
			isa = XCConfigurationList;
			buildConfigurations = (
				9F5A573029BB469700DC6132 /* Debug */,
				9F5A573129BB469700DC6132 /* Release */,
			);
			defaultConfigurationIsVisible = 0;
			defaultConfigurationName = Release;
		};
		9F5A573229BB469700DC6132 /* Build configuration list for PBXNativeTarget "manageMoneyStoryboard" */ = {
			isa = XCConfigurationList;
			buildConfigurations = (
				9F5A573329BB469700DC6132 /* Debug */,
				9F5A573429BB469700DC6132 /* Release */,
			);
			defaultConfigurationIsVisible = 0;
			defaultConfigurationName = Release;
		};
		9F5A573529BB469700DC6132 /* Build configuration list for PBXNativeTarget "manageMoneyStoryboardTests" */ = {
			isa = XCConfigurationList;
			buildConfigurations = (
				9F5A573629BB469700DC6132 /* Debug */,
				9F5A573729BB469700DC6132 /* Release */,
			);
			defaultConfigurationIsVisible = 0;
			defaultConfigurationName = Release;
		};
		9F5A573829BB469700DC6132 /* Build configuration list for PBXNativeTarget "manageMoneyStoryboardUITests" */ = {
			isa = XCConfigurationList;
			buildConfigurations = (
				9F5A573929BB469700DC6132 /* Debug */,
				9F5A573A29BB469700DC6132 /* Release */,
			);
			defaultConfigurationIsVisible = 0;
			defaultConfigurationName = Release;
		};
/* End XCConfigurationList section */
	};
	rootObject = 9F5A570029BB469500DC6132 /* Project object */;
}
